# THIS IS AN AUTOGENERATED FILE. DO NOT EDIT THIS FILE DIRECTLY.
# yarn lockfile v1


"@esbuild/darwin-arm64@0.25.12":
  version "0.25.12"

"@jridgewell/gen-mapping@^0.3.5":
  version "0.3.13"
  dependencies:
    "@jridgewell/sourcemap-codec" "^1.5.0"
    "@jridgewell/trace-mapping" "^0.3.24"

"@jridgewell/remapping@^2.3.4":
  version "2.3.5"
  dependencies:
    "@jridgewell/gen-mapping" "^0.3.5"
    "@jridgewell/trace-mapping" "^0.3.24"

"@jridgewell/resolve-uri@^3.1.0":
  version "3.1.2"

"@jridgewell/sourcemap-codec@^1.4.14", "@jridgewell/sourcemap-codec@^1.5.0", "@jridgewell/sourcemap-codec@^1.5.5":
  version "1.5.5"

"@jridgewell/trace-mapping@^0.3.24":
  version "0.3.31"
  dependencies:
    "@jridgewell/resolve-uri" "^3.1.0"
    "@jridgewell/sourcemap-codec" "^1.4.14"

"@rollup/rollup-darwin-arm64@4.52.5":
  version "4.52.5"

"@tailwindcss/node@4.1.16":
  version "4.1.16"
  dependencies:
    "@jridgewell/remapping" "^2.3.4"
    enhanced-resolve "^5.18.3"
    jiti "^2.6.1"
    lightningcss "1.30.2"
    magic-string "^0.30.19"
    source-map-js "^1.2.1"
    tailwindcss "4.1.16"

"@tailwindcss/oxide-darwin-arm64@4.1.16":
  version "4.1.16"

"@tailwindcss/oxide@4.1.16":
  version "4.1.16"
  optionalDependencies:
    "@tailwindcss/oxide-android-arm64" "4.1.16"
    "@tailwindcss/oxide-darwin-arm64" "4.1.16"
    "@tailwindcss/oxide-darwin-x64" "4.1.16"
    "@tailwindcss/oxide-freebsd-x64" "4.1.16"
    "@tailwindcss/oxide-linux-arm-gnueabihf" "4.1.16"
    "@tailwindcss/oxide-linux-arm64-gnu" "4.1.16"
    "@tailwindcss/oxide-linux-arm64-musl" "4.1.16"
    "@tailwindcss/oxide-linux-x64-gnu" "4.1.16"
    "@tailwindcss/oxide-linux-x64-musl" "4.1.16"
    "@tailwindcss/oxide-wasm32-wasi" "4.1.16"
    "@tailwindcss/oxide-win32-arm64-msvc" "4.1.16"
    "@tailwindcss/oxide-win32-x64-msvc" "4.1.16"

"@tailwindcss/vite@^4.1.8":
  version "4.1.16"
  dependencies:
    "@tailwindcss/node" "4.1.16"
    "@tailwindcss/oxide" "4.1.16"
    tailwindcss "4.1.16"

"@tighten/jigsaw-vite-plugin@^1.0.1":
  version "1.0.1"
  dependencies:
    hasbin "^1.2.3"
    laravel-vite-plugin "^1.2.0"
    picocolors "^1.0.0"
    picomatch "^2.3.1"

"@types/estree@1.0.8":
  version "1.0.8"

async@~1.5:
  version "1.5.2"
  resolved "https://registry.npmjs.org/async/-/async-1.5.2.tgz"
  integrity sha1-7GphrlZIDAw8skHJVhjiCJL5Zyo=

detect-libc@^2.0.3:
  version "2.1.2"

enhanced-resolve@^5.18.3:
  version "5.18.3"
  dependencies:
    graceful-fs "^4.2.4"
    tapable "^2.2.0"

esbuild@^0.25.0:
  version "0.25.12"
  optionalDependencies:
    "@esbuild/aix-ppc64" "0.25.12"
    "@esbuild/android-arm" "0.25.12"
    "@esbuild/android-arm64" "0.25.12"
    "@esbuild/android-x64" "0.25.12"
    "@esbuild/darwin-arm64" "0.25.12"
    "@esbuild/darwin-x64" "0.25.12"
    "@esbuild/freebsd-arm64" "0.25.12"
    "@esbuild/freebsd-x64" "0.25.12"
    "@esbuild/linux-arm" "0.25.12"
    "@esbuild/linux-arm64" "0.25.12"
    "@esbuild/linux-ia32" "0.25.12"
    "@esbuild/linux-loong64" "0.25.12"
    "@esbuild/linux-mips64el" "0.25.12"
    "@esbuild/linux-ppc64" "0.25.12"
    "@esbuild/linux-riscv64" "0.25.12"
    "@esbuild/linux-s390x" "0.25.12"
    "@esbuild/linux-x64" "0.25.12"
    "@esbuild/netbsd-arm64" "0.25.12"
    "@esbuild/netbsd-x64" "0.25.12"
    "@esbuild/openbsd-arm64" "0.25.12"
    "@esbuild/openbsd-x64" "0.25.12"
    "@esbuild/openharmony-arm64" "0.25.12"
    "@esbuild/sunos-x64" "0.25.12"
    "@esbuild/win32-arm64" "0.25.12"
    "@esbuild/win32-ia32" "0.25.12"
    "@esbuild/win32-x64" "0.25.12"

fdir@^6.4.4:
  version "6.5.0"

fdir@^6.5.0:
  version "6.5.0"

graceful-fs@^4.2.4:
  version "4.2.11"

hasbin@^1.2.3:
  version "1.2.3"
  resolved "https://registry.npmjs.org/hasbin/-/hasbin-1.2.3.tgz"
  integrity sha1-eMWSaJPIAhXCtWiuH9P8q3omlrA=
  dependencies:
    async "~1.5"

jiti@^2.6.1, jiti@>=1.21.0:
  version "2.6.1"

laravel-vite-plugin@^1.2.0:
  version "1.3.0"
  dependencies:
    picocolors "^1.0.0"
    vite-plugin-full-reload "^1.1.0"

lightningcss-darwin-arm64@1.30.2:
  version "1.30.2"

lightningcss@^1.21.0, lightningcss@1.30.2:
  version "1.30.2"
  dependencies:
    detect-libc "^2.0.3"
  optionalDependencies:
    lightningcss-android-arm64 "1.30.2"
    lightningcss-darwin-arm64 "1.30.2"
    lightningcss-darwin-x64 "1.30.2"
    lightningcss-freebsd-x64 "1.30.2"
    lightningcss-linux-arm-gnueabihf "1.30.2"
    lightningcss-linux-arm64-gnu "1.30.2"
    lightningcss-linux-arm64-musl "1.30.2"
    lightningcss-linux-x64-gnu "1.30.2"
    lightningcss-linux-x64-musl "1.30.2"
    lightningcss-win32-arm64-msvc "1.30.2"
    lightningcss-win32-x64-msvc "1.30.2"

magic-string@^0.30.19:
  version "0.30.21"
  dependencies:
    "@jridgewell/sourcemap-codec" "^1.5.5"

nanoid@^3.3.11:
  version "3.3.11"

picocolors@^1.0.0, picocolors@^1.1.1:
  version "1.1.1"

picomatch@^2.3.1:
  version "2.3.1"

"picomatch@^3 || ^4", picomatch@^4.0.2, picomatch@^4.0.3:
  version "4.0.3"

postcss@^8.5.3:
  version "8.5.6"
  dependencies:
    nanoid "^3.3.11"
    picocolors "^1.1.1"
    source-map-js "^1.2.1"

rollup@^4.34.9:
  version "4.52.5"
  dependencies:
    "@types/estree" "1.0.8"
  optionalDependencies:
    "@rollup/rollup-android-arm-eabi" "4.52.5"
    "@rollup/rollup-android-arm64" "4.52.5"
    "@rollup/rollup-darwin-arm64" "4.52.5"
    "@rollup/rollup-darwin-x64" "4.52.5"
    "@rollup/rollup-freebsd-arm64" "4.52.5"
    "@rollup/rollup-freebsd-x64" "4.52.5"
    "@rollup/rollup-linux-arm-gnueabihf" "4.52.5"
    "@rollup/rollup-linux-arm-musleabihf" "4.52.5"
    "@rollup/rollup-linux-arm64-gnu" "4.52.5"
    "@rollup/rollup-linux-arm64-musl" "4.52.5"
    "@rollup/rollup-linux-loong64-gnu" "4.52.5"
    "@rollup/rollup-linux-ppc64-gnu" "4.52.5"
    "@rollup/rollup-linux-riscv64-gnu" "4.52.5"
    "@rollup/rollup-linux-riscv64-musl" "4.52.5"
    "@rollup/rollup-linux-s390x-gnu" "4.52.5"
    "@rollup/rollup-linux-x64-gnu" "4.52.5"
    "@rollup/rollup-linux-x64-musl" "4.52.5"
    "@rollup/rollup-openharmony-arm64" "4.52.5"
    "@rollup/rollup-win32-arm64-msvc" "4.52.5"
    "@rollup/rollup-win32-ia32-msvc" "4.52.5"
    "@rollup/rollup-win32-x64-gnu" "4.52.5"
    "@rollup/rollup-win32-x64-msvc" "4.52.5"
    fsevents "~2.3.2"

source-map-js@^1.2.1:
  version "1.2.1"

tailwindcss@^4.1.0, tailwindcss@4.1.16:
  version "4.1.16"

tapable@^2.2.0:
  version "2.3.0"

tinyglobby@^0.2.13:
  version "0.2.15"
  dependencies:
    fdir "^6.5.0"
    picomatch "^4.0.3"

vite-plugin-full-reload@^1.1.0:
  version "1.2.0"
  dependencies:
    picocolors "^1.0.0"
    picomatch "^2.3.1"

"vite@^5.0.0 || ^6.0.0", "vite@^5.2.0 || ^6 || ^7", vite@^6.3.5:
  version "6.4.1"
  dependencies:
    esbuild "^0.25.0"
    fdir "^6.4.4"
    picomatch "^4.0.2"
    postcss "^8.5.3"
    rollup "^4.34.9"
    tinyglobby "^0.2.13"
  optionalDependencies:
    fsevents "~2.3.3"
